// !$*UTF8*$!
{
	archiveVersion = 1;
	classes = {
	};
	objectVersion = 56;
	objects = {

/* Begin PBXBuildFile section */
		D0A7FAC92963E8D300D7C6A2 /* AppDelegate.swift in Sources */ = {isa = PBXBuildFile; fileRef = D0A7FAC82963E8D300D7C6A2 /* AppDelegate.swift */; };
		D0A7FACB2963E8D300D7C6A2 /* SceneDelegate.swift in Sources */ = {isa = PBXBuildFile; fileRef = D0A7FACA2963E8D300D7C6A2 /* SceneDelegate.swift */; };
		D0A7FACD2963E8D300D7C6A2 /* ViewController.swift in Sources */ = {isa = PBXBuildFile; fileRef = D0A7FACC2963E8D300D7C6A2 /* ViewController.swift */; };
		D0A7FAD02963E8D300D7C6A2 /* Main.storyboard in Resources */ = {isa = PBXBuildFile; fileRef = D0A7FACE2963E8D300D7C6A2 /* Main.storyboard */; };
		D0A7FAD22963E8D400D7C6A2 /* Assets.xcassets in Resources */ = {isa = PBXBuildFile; fileRef = D0A7FAD12963E8D400D7C6A2 /* Assets.xcassets */; };
		D0A7FAD52963E8D400D7C6A2 /* LaunchScreen.storyboard in Resources */ = {isa = PBXBuildFile; fileRef = D0A7FAD32963E8D400D7C6A2 /* LaunchScreen.storyboard */; };
		D0A7FAE02963E8D400D7C6A2 /* dhbreathingTests.swift in Sources */ = {isa = PBXBuildFile; fileRef = D0A7FADF2963E8D400D7C6A2 /* dhbreathingTests.swift */; };
		D0A7FAEA2963E8D400D7C6A2 /* dhbreathingUITests.swift in Sources */ = {isa = PBXBuildFile; fileRef = D0A7FAE92963E8D400D7C6A2 /* dhbreathingUITests.swift */; };
		D0A7FAEC2963E8D400D7C6A2 /* dhbreathingUITestsLaunchTests.swift in Sources */ = {isa = PBXBuildFile; fileRef = D0A7FAEB2963E8D400D7C6A2 /* dhbreathingUITestsLaunchTests.swift */; };
/* End PBXBuildFile section */

/* Begin PBXContainerItemProxy section */
		D0A7FADC2963E8D400D7C6A2 /* PBXContainerItemProxy */ = {
			isa = PBXContainerItemProxy;
			containerPortal = D0A7FABD2963E8D300D7C6A2 /* Project object */;
			proxyType = 1;
			remoteGlobalIDString = D0A7FAC42963E8D300D7C6A2;
			remoteInfo = dhbreathing;
		};
		D0A7FAE62963E8D400D7C6A2 /* PBXContainerItemProxy */ = {
			isa = PBXContainerItemProxy;
			containerPortal = D0A7FABD2963E8D300D7C6A2 /* Project object */;
			proxyType = 1;
			remoteGlobalIDString = D0A7FAC42963E8D300D7C6A2;
			remoteInfo = dhbreathing;
		};
/* End PBXContainerItemProxy section */

/* Begin PBXFileReference section */
		D0A7FAC52963E8D300D7C6A2 /* dhbreathing.app */ = {isa = PBXFileReference; explicitFileType = wrapper.application; includeInIndex = 0; path = dhbreathing.app; sourceTree = BUILT_PRODUCTS_DIR; };
		D0A7FAC82963E8D300D7C6A2 /* AppDelegate.swift */ = {isa = PBXFileReference; lastKnownFileType = sourcecode.swift; path = AppDelegate.swift; sourceTree = "<group>"; };
		D0A7FACA2963E8D300D7C6A2 /* SceneDelegate.swift */ = {isa = PBXFileReference; lastKnownFileType = sourcecode.swift; path = SceneDelegate.swift; sourceTree = "<group>"; };
		D0A7FACC2963E8D300D7C6A2 /* ViewController.swift */ = {isa = PBXFileReference; lastKnownFileType = sourcecode.swift; path = ViewController.swift; sourceTree = "<group>"; };
		D0A7FACF2963E8D300D7C6A2 /* Base */ = {isa = PBXFileReference; lastKnownFileType = file.storyboard; name = Base; path = Base.lproj/Main.storyboard; sourceTree = "<group>"; };
		D0A7FAD12963E8D400D7C6A2 /* Assets.xcassets */ = {isa = PBXFileReference; lastKnownFileType = folder.assetcatalog; path = Assets.xcassets; sourceTree = "<group>"; };
		D0A7FAD42963E8D400D7C6A2 /* Base */ = {isa = PBXFileReference; lastKnownFileType = file.storyboard; name = Base; path = Base.lproj/LaunchScreen.storyboard; sourceTree = "<group>"; };
		D0A7FAD62963E8D400D7C6A2 /* Info.plist */ = {isa = PBXFileReference; lastKnownFileType = text.plist.xml; path = Info.plist; sourceTree = "<group>"; };
		D0A7FADB2963E8D400D7C6A2 /* dhbreathingTests.xctest */ = {isa = PBXFileReference; explicitFileType = wrapper.cfbundle; includeInIndex = 0; path = dhbreathingTests.xctest; sourceTree = BUILT_PRODUCTS_DIR; };
		D0A7FADF2963E8D400D7C6A2 /* dhbreathingTests.swift */ = {isa = PBXFileReference; lastKnownFileType = sourcecode.swift; path = dhbreathingTests.swift; sourceTree = "<group>"; };
		D0A7FAE52963E8D400D7C6A2 /* dhbreathingUITests.xctest */ = {isa = PBXFileReference; explicitFileType = wrapper.cfbundle; includeInIndex = 0; path = dhbreathingUITests.xctest; sourceTree = BUILT_PRODUCTS_DIR; };
		D0A7FAE92963E8D400D7C6A2 /* dhbreathingUITests.swift */ = {isa = PBXFileReference; lastKnownFileType = sourcecode.swift; path = dhbreathingUITests.swift; sourceTree = "<group>"; };
		D0A7FAEB2963E8D400D7C6A2 /* dhbreathingUITestsLaunchTests.swift */ = {isa = PBXFileReference; lastKnownFileType = sourcecode.swift; path = dhbreathingUITestsLaunchTests.swift; sourceTree = "<group>"; };
/* End PBXFileReference section */

/* Begin PBXFrameworksBuildPhase section */
		D0A7FAC22963E8D300D7C6A2 /* Frameworks */ = {
			isa = PBXFrameworksBuildPhase;
			buildActionMask = 2147483647;
			files = (
			);
			runOnlyForDeploymentPostprocessing = 0;
		};
		D0A7FAD82963E8D400D7C6A2 /* Frameworks */ = {
			isa = PBXFrameworksBuildPhase;
			buildActionMask = 2147483647;
			files = (
			);
			runOnlyForDeploymentPostprocessing = 0;
		};
		D0A7FAE22963E8D400D7C6A2 /* Frameworks */ = {
			isa = PBXFrameworksBuildPhase;
			buildActionMask = 2147483647;
			files = (
			);
			runOnlyForDeploymentPostprocessing = 0;
		};
/* End PBXFrameworksBuildPhase section */

/* Begin PBXGroup section */
		D0A7FABC2963E8D300D7C6A2 = {
			isa = PBXGroup;
			children = (
				D0A7FAC72963E8D300D7C6A2 /* dhbreathing */,
				D0A7FADE2963E8D400D7C6A2 /* dhbreathingTests */,
				D0A7FAE82963E8D400D7C6A2 /* dhbreathingUITests */,
				D0A7FAC62963E8D300D7C6A2 /* Products */,
			);
			sourceTree = "<group>";
		};
		D0A7FAC62963E8D300D7C6A2 /* Products */ = {
			isa = PBXGroup;
			children = (
				D0A7FAC52963E8D300D7C6A2 /* dhbreathing.app */,
				D0A7FADB2963E8D400D7C6A2 /* dhbreathingTests.xctest */,
				D0A7FAE52963E8D400D7C6A2 /* dhbreathingUITests.xctest */,
			);
			name = Products;
			sourceTree = "<group>";
		};
		D0A7FAC72963E8D300D7C6A2 /* dhbreathing */ = {
			isa = PBXGroup;
			children = (
				D0A7FAC82963E8D300D7C6A2 /* AppDelegate.swift */,
				D0A7FACA2963E8D300D7C6A2 /* SceneDelegate.swift */,
				D0A7FACC2963E8D300D7C6A2 /* ViewController.swift */,
				D0A7FACE2963E8D300D7C6A2 /* Main.storyboard */,
				D0A7FAD12963E8D400D7C6A2 /* Assets.xcassets */,
				D0A7FAD32963E8D400D7C6A2 /* LaunchScreen.storyboard */,
				D0A7FAD62963E8D400D7C6A2 /* Info.plist */,
			);
			path = dhbreathing;
			sourceTree = "<group>";
		};
		D0A7FADE2963E8D400D7C6A2 /* dhbreathingTests */ = {
			isa = PBXGroup;
			children = (
				D0A7FADF2963E8D400D7C6A2 /* dhbreathingTests.swift */,
			);
			path = dhbreathingTests;
			sourceTree = "<group>";
		};
		D0A7FAE82963E8D400D7C6A2 /* dhbreathingUITests */ = {
			isa = PBXGroup;
			children = (
				D0A7FAE92963E8D400D7C6A2 /* dhbreathingUITests.swift */,
				D0A7FAEB2963E8D400D7C6A2 /* dhbreathingUITestsLaunchTests.swift */,
			);
			path = dhbreathingUITests;
			sourceTree = "<group>";
		};
/* End PBXGroup section */

/* Begin PBXNativeTarget section */
		D0A7FAC42963E8D300D7C6A2 /* dhbreathing */ = {
			isa = PBXNativeTarget;
			buildConfigurationList = D0A7FAEF2963E8D400D7C6A2 /* Build configuration list for PBXNativeTarget "dhbreathing" */;
			buildPhases = (
				D0A7FAC12963E8D300D7C6A2 /* Sources */,
				D0A7FAC22963E8D300D7C6A2 /* Frameworks */,
				D0A7FAC32963E8D300D7C6A2 /* Resources */,
			);
			buildRules = (
			);
			dependencies = (
			);
			name = dhbreathing;
			productName = dhbreathing;
			productReference = D0A7FAC52963E8D300D7C6A2 /* dhbreathing.app */;
			productType = "com.apple.product-type.application";
		};
		D0A7FADA2963E8D400D7C6A2 /* dhbreathingTests */ = {
			isa = PBXNativeTarget;
			buildConfigurationList = D0A7FAF22963E8D400D7C6A2 /* Build configuration list for PBXNativeTarget "dhbreathingTests" */;
			buildPhases = (
				D0A7FAD72963E8D400D7C6A2 /* Sources */,
				D0A7FAD82963E8D400D7C6A2 /* Frameworks */,
				D0A7FAD92963E8D400D7C6A2 /* Resources */,
			);
			buildRules = (
			);
			dependencies = (
				D0A7FADD2963E8D400D7C6A2 /* PBXTargetDependency */,
			);
			name = dhbreathingTests;
			productName = dhbreathingTests;
			productReference = D0A7FADB2963E8D400D7C6A2 /* dhbreathingTests.xctest */;
			productType = "com.apple.product-type.bundle.unit-test";
		};
		D0A7FAE42963E8D400D7C6A2 /* dhbreathingUITests */ = {
			isa = PBXNativeTarget;
			buildConfigurationList = D0A7FAF52963E8D400D7C6A2 /* Build configuration list for PBXNativeTarget "dhbreathingUITests" */;
			buildPhases = (
				D0A7FAE12963E8D400D7C6A2 /* Sources */,
				D0A7FAE22963E8D400D7C6A2 /* Frameworks */,
				D0A7FAE32963E8D400D7C6A2 /* Resources */,
			);
			buildRules = (
			);
			dependencies = (
				D0A7FAE72963E8D400D7C6A2 /* PBXTargetDependency */,
			);
			name = dhbreathingUITests;
			productName = dhbreathingUITests;
			productReference = D0A7FAE52963E8D400D7C6A2 /* dhbreathingUITests.xctest */;
			productType = "com.apple.product-type.bundle.ui-testing";
		};
/* End PBXNativeTarget section */

/* Begin PBXProject section */
		D0A7FABD2963E8D300D7C6A2 /* Project object */ = {
			isa = PBXProject;
			attributes = {
				BuildIndependentTargetsInParallel = 1;
				LastSwiftUpdateCheck = 1410;
				LastUpgradeCheck = 1410;
				TargetAttributes = {
					D0A7FAC42963E8D300D7C6A2 = {
						CreatedOnToolsVersion = 14.1;
					};
					D0A7FADA2963E8D400D7C6A2 = {
						CreatedOnToolsVersion = 14.1;
						TestTargetID = D0A7FAC42963E8D300D7C6A2;
					};
					D0A7FAE42963E8D400D7C6A2 = {
						CreatedOnToolsVersion = 14.1;
						TestTargetID = D0A7FAC42963E8D300D7C6A2;
					};
				};
			};
			buildConfigurationList = D0A7FAC02963E8D300D7C6A2 /* Build configuration list for PBXProject "dhbreathing" */;
			compatibilityVersion = "Xcode 14.0";
			developmentRegion = en;
			hasScannedForEncodings = 0;
			knownRegions = (
				en,
				Base,
			);
			mainGroup = D0A7FABC2963E8D300D7C6A2;
			productRefGroup = D0A7FAC62963E8D300D7C6A2 /* Products */;
			projectDirPath = "";
			projectRoot = "";
			targets = (
				D0A7FAC42963E8D300D7C6A2 /* dhbreathing */,
				D0A7FADA2963E8D400D7C6A2 /* dhbreathingTests */,
				D0A7FAE42963E8D400D7C6A2 /* dhbreathingUITests */,
			);
		};
/* End PBXProject section */

/* Begin PBXResourcesBuildPhase section */
		D0A7FAC32963E8D300D7C6A2 /* Resources */ = {
			isa = PBXResourcesBuildPhase;
			buildActionMask = 2147483647;
			files = (
				D0A7FAD52963E8D400D7C6A2 /* LaunchScreen.storyboard in Resources */,
				D0A7FAD22963E8D400D7C6A2 /* Assets.xcassets in Resources */,
				D0A7FAD02963E8D300D7C6A2 /* Main.storyboard in Resources */,
			);
			runOnlyForDeploymentPostprocessing = 0;
		};
		D0A7FAD92963E8D400D7C6A2 /* Resources */ = {
			isa = PBXResourcesBuildPhase;
			buildActionMask = 2147483647;
			files = (
			);
			runOnlyForDeploymentPostprocessing = 0;
		};
		D0A7FAE32963E8D400D7C6A2 /* Resources */ = {
			isa = PBXResourcesBuildPhase;
			buildActionMask = 2147483647;
			files = (
			);
			runOnlyForDeploymentPostprocessing = 0;
		};
/* End PBXResourcesBuildPhase section */

/* Begin PBXSourcesBuildPhase section */
		D0A7FAC12963E8D300D7C6A2 /* Sources */ = {
			isa = PBXSourcesBuildPhase;
			buildActionMask = 2147483647;
			files = (
				D0A7FACD2963E8D300D7C6A2 /* ViewController.swift in Sources */,
				D0A7FAC92963E8D300D7C6A2 /* AppDelegate.swift in Sources */,
				D0A7FACB2963E8D300D7C6A2 /* SceneDelegate.swift in Sources */,
			);
			runOnlyForDeploymentPostprocessing = 0;
		};
		D0A7FAD72963E8D400D7C6A2 /* Sources */ = {
			isa = PBXSourcesBuildPhase;
			buildActionMask = 2147483647;
			files = (
				D0A7FAE02963E8D400D7C6A2 /* dhbreathingTests.swift in Sources */,
			);
			runOnlyForDeploymentPostprocessing = 0;
		};
		D0A7FAE12963E8D400D7C6A2 /* Sources */ = {
			isa = PBXSourcesBuildPhase;
			buildActionMask = 2147483647;
			files = (
				D0A7FAEA2963E8D400D7C6A2 /* dhbreathingUITests.swift in Sources */,
				D0A7FAEC2963E8D400D7C6A2 /* dhbreathingUITestsLaunchTests.swift in Sources */,
			);
			runOnlyForDeploymentPostprocessing = 0;
		};
/* End PBXSourcesBuildPhase section */

/* Begin PBXTargetDependency section */
		D0A7FADD2963E8D400D7C6A2 /* PBXTargetDependency */ = {
			isa = PBXTargetDependency;
			target = D0A7FAC42963E8D300D7C6A2 /* dhbreathing */;
			targetProxy = D0A7FADC2963E8D400D7C6A2 /* PBXContainerItemProxy */;
		};
		D0A7FAE72963E8D400D7C6A2 /* PBXTargetDependency */ = {
			isa = PBXTargetDependency;
			target = D0A7FAC42963E8D300D7C6A2 /* dhbreathing */;
			targetProxy = D0A7FAE62963E8D400D7C6A2 /* PBXContainerItemProxy */;
		};
/* End PBXTargetDependency section */

/* Begin PBXVariantGroup section */
		D0A7FACE2963E8D300D7C6A2 /* Main.storyboard */ = {
			isa = PBXVariantGroup;
			children = (
				D0A7FACF2963E8D300D7C6A2 /* Base */,
			);
			name = Main.storyboard;
			sourceTree = "<group>";
		};
		D0A7FAD32963E8D400D7C6A2 /* LaunchScreen.storyboard */ = {
			isa = PBXVariantGroup;
			children = (
				D0A7FAD42963E8D400D7C6A2 /* Base */,
			);
			name = LaunchScreen.storyboard;
			sourceTree = "<group>";
		};
/* End PBXVariantGroup section */

/* Begin XCBuildConfiguration section */
		D0A7FAED2963E8D400D7C6A2 /* Debug */ = {
			isa = XCBuildConfiguration;
			buildSettings = {
				ALWAYS_SEARCH_USER_PATHS = NO;
				CLANG_ANALYZER_NONNULL = YES;
				CLANG_ANALYZER_NUMBER_OBJECT_CONVERSION = YES_AGGRESSIVE;
				CLANG_CXX_LANGUAGE_STANDARD = "gnu++20";
				CLANG_ENABLE_MODULES = YES;
				CLANG_ENABLE_OBJC_ARC = YES;
				CLANG_ENABLE_OBJC_WEAK = YES;
				CLANG_WARN_BLOCK_CAPTURE_AUTORELEASING = YES;
				CLANG_WARN_BOOL_CONVERSION = YES;
				CLANG_WARN_COMMA = YES;
				CLANG_WARN_CONSTANT_CONVERSION = YES;
				CLANG_WARN_DEPRECATED_OBJC_IMPLEMENTATIONS = YES;
				CLANG_WARN_DIRECT_OBJC_ISA_USAGE = YES_ERROR;
				CLANG_WARN_DOCUMENTATION_COMMENTS = YES;
				CLANG_WARN_EMPTY_BODY = YES;
				CLANG_WARN_ENUM_CONVERSION = YES;
				CLANG_WARN_INFINITE_RECURSION = YES;
				CLANG_WARN_INT_CONVERSION = YES;
				CLANG_WARN_NON_LITERAL_NULL_CONVERSION = YES;
				CLANG_WARN_OBJC_IMPLICIT_RETAIN_SELF = YES;
				CLANG_WARN_OBJC_LITERAL_CONVERSION = YES;
				CLANG_WARN_OBJC_ROOT_CLASS = YES_ERROR;
				CLANG_WARN_QUOTED_INCLUDE_IN_FRAMEWORK_HEADER = YES;
				CLANG_WARN_RANGE_LOOP_ANALYSIS = YES;
				CLANG_WARN_STRICT_PROTOTYPES = YES;
				CLANG_WARN_SUSPICIOUS_MOVE = YES;
				CLANG_WARN_UNGUARDED_AVAILABILITY = YES_AGGRESSIVE;
				CLANG_WARN_UNREACHABLE_CODE = YES;
				CLANG_WARN__DUPLICATE_METHOD_MATCH = YES;
				COPY_PHASE_STRIP = NO;
				DEBUG_INFORMATION_FORMAT = dwarf;
				ENABLE_STRICT_OBJC_MSGSEND = YES;
				ENABLE_TESTABILITY = YES;
				GCC_C_LANGUAGE_STANDARD = gnu11;
				GCC_DYNAMIC_NO_PIC = NO;
				GCC_NO_COMMON_BLOCKS = YES;
				GCC_OPTIMIZATION_LEVEL = 0;
				GCC_PREPROCESSOR_DEFINITIONS = (
					"DEBUG=1",
					"$(inherited)",
				);
				GCC_WARN_64_TO_32_BIT_CONVERSION = YES;
				GCC_WARN_ABOUT_RETURN_TYPE = YES_ERROR;
				GCC_WARN_UNDECLARED_SELECTOR = YES;
				GCC_WARN_UNINITIALIZED_AUTOS = YES_AGGRESSIVE;
				GCC_WARN_UNUSED_FUNCTION = YES;
				GCC_WARN_UNUSED_VARIABLE = YES;
				IPHONEOS_DEPLOYMENT_TARGET = 16.1;
				MTL_ENABLE_DEBUG_INFO = INCLUDE_SOURCE;
				MTL_FAST_MATH = YES;
				ONLY_ACTIVE_ARCH = YES;
				SDKROOT = iphoneos;
				SWIFT_ACTIVE_COMPILATION_CONDITIONS = DEBUG;
				SWIFT_OPTIMIZATION_LEVEL = "-Onone";
			};
			name = Debug;
		};
		D0A7FAEE2963E8D400D7C6A2 /* Release */ = {
			isa = XCBuildConfiguration;
			buildSettings = {
				ALWAYS_SEARCH_USER_PATHS = NO;
				CLANG_ANALYZER_NONNULL = YES;
				CLANG_ANALYZER_NUMBER_OBJECT_CONVERSION = YES_AGGRESSIVE;
				CLANG_CXX_LANGUAGE_STANDARD = "gnu++20";
				CLANG_ENABLE_MODULES = YES;
				CLANG_ENABLE_OBJC_ARC = YES;
				CLANG_ENABLE_OBJC_WEAK = YES;
				CLANG_WARN_BLOCK_CAPTURE_AUTORELEASING = YES;
				CLANG_WARN_BOOL_CONVERSION = YES;
				CLANG_WARN_COMMA = YES;
				CLANG_WARN_CONSTANT_CONVERSION = YES;
				CLANG_WARN_DEPRECATED_OBJC_IMPLEMENTATIONS = YES;
				CLANG_WARN_DIRECT_OBJC_ISA_USAGE = YES_ERROR;
				CLANG_WARN_DOCUMENTATION_COMMENTS = YES;
				CLANG_WARN_EMPTY_BODY = YES;
				CLANG_WARN_ENUM_CONVERSION = YES;
				CLANG_WARN_INFINITE_RECURSION = YES;
				CLANG_WARN_INT_CONVERSION = YES;
				CLANG_WARN_NON_LITERAL_NULL_CONVERSION = YES;
				CLANG_WARN_OBJC_IMPLICIT_RETAIN_SELF = YES;
				CLANG_WARN_OBJC_LITERAL_CONVERSION = YES;
				CLANG_WARN_OBJC_ROOT_CLASS = YES_ERROR;
				CLANG_WARN_QUOTED_INCLUDE_IN_FRAMEWORK_HEADER = YES;
				CLANG_WARN_RANGE_LOOP_ANALYSIS = YES;
				CLANG_WARN_STRICT_PROTOTYPES = YES;
				CLANG_WARN_SUSPICIOUS_MOVE = YES;
				CLANG_WARN_UNGUARDED_AVAILABILITY = YES_AGGRESSIVE;
				CLANG_WARN_UNREACHABLE_CODE = YES;
				CLANG_WARN__DUPLICATE_METHOD_MATCH = YES;
				COPY_PHASE_STRIP = NO;
				DEBUG_INFORMATION_FORMAT = "dwarf-with-dsym";
				ENABLE_NS_ASSERTIONS = NO;
				ENABLE_STRICT_OBJC_MSGSEND = YES;
				GCC_C_LANGUAGE_STANDARD = gnu11;
				GCC_NO_COMMON_BLOCKS = YES;
				GCC_WARN_64_TO_32_BIT_CONVERSION = YES;
				GCC_WARN_ABOUT_RETURN_TYPE = YES_ERROR;
				GCC_WARN_UNDECLARED_SELECTOR = YES;
				GCC_WARN_UNINITIALIZED_AUTOS = YES_AGGRESSIVE;
				GCC_WARN_UNUSED_FUNCTION = YES;
				GCC_WARN_UNUSED_VARIABLE = YES;
				IPHONEOS_DEPLOYMENT_TARGET = 16.1;
				MTL_ENABLE_DEBUG_INFO = NO;
				MTL_FAST_MATH = YES;
				SDKROOT = iphoneos;
				SWIFT_COMPILATION_MODE = wholemodule;
				SWIFT_OPTIMIZATION_LEVEL = "-O";
				VALIDATE_PRODUCT = YES;
			};
			name = Release;
		};
		D0A7FAF02963E8D400D7C6A2 /* Debug */ = {
			isa = XCBuildConfiguration;
			buildSettings = {
				ASSETCATALOG_COMPILER_APPICON_NAME = AppIcon;
				ASSETCATALOG_COMPILER_GLOBAL_ACCENT_COLOR_NAME = AccentColor;
				CODE_SIGN_STYLE = Automatic;
				CURRENT_PROJECT_VERSION = 1;
				GENERATE_INFOPLIST_FILE = YES;
				INFOPLIST_FILE = dhbreathing/Info.plist;
				INFOPLIST_KEY_UIApplicationSupportsIndirectInputEvents = YES;
				INFOPLIST_KEY_UILaunchStoryboardName = LaunchScreen;
				INFOPLIST_KEY_UIMainStoryboardFile = Main;
				INFOPLIST_KEY_UISupportedInterfaceOrientations_iPad = "UIInterfaceOrientationPortrait UIInterfaceOrientationPortraitUpsideDown UIInterfaceOrientationLandscapeLeft UIInterfaceOrientationLandscapeRight";
				INFOPLIST_KEY_UISupportedInterfaceOrientations_iPhone = "UIInterfaceOrientationPortrait UIInterfaceOrientationLandscapeLeft UIInterfaceOrientationLandscapeRight";
				LD_RUNPATH_SEARCH_PATHS = (
					"$(inherited)",
					"@executable_path/Frameworks",
				);
				MARKETING_VERSION = 1.0;
				PRODUCT_BUNDLE_IDENTIFIER = abrilx.dhbreathing;
				PRODUCT_NAME = "$(TARGET_NAME)";
				SWIFT_EMIT_LOC_STRINGS = YES;
				SWIFT_VERSION = 5.0;
				TARGETED_DEVICE_FAMILY = "1,2";
			};
			name = Debug;
		};
		D0A7FAF12963E8D400D7C6A2 /* Release */ = {
			isa = XCBuildConfiguration;
			buildSettings = {
				ASSETCATALOG_COMPILER_APPICON_NAME = AppIcon;
				ASSETCATALOG_COMPILER_GLOBAL_ACCENT_COLOR_NAME = AccentColor;
				CODE_SIGN_STYLE = Automatic;
				CURRENT_PROJECT_VERSION = 1;
				GENERATE_INFOPLIST_FILE = YES;
				INFOPLIST_FILE = dhbreathing/Info.plist;
				INFOPLIST_KEY_UIApplicationSupportsIndirectInputEvents = YES;
				INFOPLIST_KEY_UILaunchStoryboardName = LaunchScreen;
				INFOPLIST_KEY_UIMainStoryboardFile = Main;
				INFOPLIST_KEY_UISupportedInterfaceOrientations_iPad = "UIInterfaceOrientationPortrait UIInterfaceOrientationPortraitUpsideDown UIInterfaceOrientationLandscapeLeft UIInterfaceOrientationLandscapeRight";
				INFOPLIST_KEY_UISupportedInterfaceOrientations_iPhone = "UIInterfaceOrientationPortrait UIInterfaceOrientationLandscapeLeft UIInterfaceOrientationLandscapeRight";
				LD_RUNPATH_SEARCH_PATHS = (
					"$(inherited)",
					"@executable_path/Frameworks",
				);
				MARKETING_VERSION = 1.0;
				PRODUCT_BUNDLE_IDENTIFIER = abrilx.dhbreathing;
				PRODUCT_NAME = "$(TARGET_NAME)";
				SWIFT_EMIT_LOC_STRINGS = YES;
				SWIFT_VERSION = 5.0;
				TARGETED_DEVICE_FAMILY = "1,2";
			};
			name = Release;
		};
		D0A7FAF32963E8D400D7C6A2 /* Debug */ = {
			isa = XCBuildConfiguration;
			buildSettings = {
				ALWAYS_EMBED_SWIFT_STANDARD_LIBRARIES = YES;
				BUNDLE_LOADER = "$(TEST_HOST)";
				CODE_SIGN_STYLE = Automatic;
				CURRENT_PROJECT_VERSION = 1;
				GENERATE_INFOPLIST_FILE = YES;
				IPHONEOS_DEPLOYMENT_TARGET = 16.1;
				MARKETING_VERSION = 1.0;
				PRODUCT_BUNDLE_IDENTIFIER = abrilx.dhbreathingTests;
				PRODUCT_NAME = "$(TARGET_NAME)";
				SWIFT_EMIT_LOC_STRINGS = NO;
				SWIFT_VERSION = 5.0;
				TARGETED_DEVICE_FAMILY = "1,2";
				TEST_HOST = "$(BUILT_PRODUCTS_DIR)/dhbreathing.app/$(BUNDLE_EXECUTABLE_FOLDER_PATH)/dhbreathing";
			};
			name = Debug;
		};
		D0A7FAF42963E8D400D7C6A2 /* Release */ = {
			isa = XCBuildConfiguration;
			buildSettings = {
				ALWAYS_EMBED_SWIFT_STANDARD_LIBRARIES = YES;
				BUNDLE_LOADER = "$(TEST_HOST)";
				CODE_SIGN_STYLE = Automatic;
				CURRENT_PROJECT_VERSION = 1;
				GENERATE_INFOPLIST_FILE = YES;
				IPHONEOS_DEPLOYMENT_TARGET = 16.1;
				MARKETING_VERSION = 1.0;
				PRODUCT_BUNDLE_IDENTIFIER = abrilx.dhbreathingTests;
				PRODUCT_NAME = "$(TARGET_NAME)";
				SWIFT_EMIT_LOC_STRINGS = NO;
				SWIFT_VERSION = 5.0;
				TARGETED_DEVICE_FAMILY = "1,2";
				TEST_HOST = "$(BUILT_PRODUCTS_DIR)/dhbreathing.app/$(BUNDLE_EXECUTABLE_FOLDER_PATH)/dhbreathing";
			};
			name = Release;
		};
		D0A7FAF62963E8D400D7C6A2 /* Debug */ = {
			isa = XCBuildConfiguration;
			buildSettings = {
				ALWAYS_EMBED_SWIFT_STANDARD_LIBRARIES = YES;
				CODE_SIGN_STYLE = Automatic;
				CURRENT_PROJECT_VERSION = 1;
				GENERATE_INFOPLIST_FILE = YES;
				MARKETING_VERSION = 1.0;
				PRODUCT_BUNDLE_IDENTIFIER = abrilx.dhbreathingUITests;
				PRODUCT_NAME = "$(TARGET_NAME)";
				SWIFT_EMIT_LOC_STRINGS = NO;
				SWIFT_VERSION = 5.0;
				TARGETED_DEVICE_FAMILY = "1,2";
				TEST_TARGET_NAME = dhbreathing;
			};
			name = Debug;
		};
		D0A7FAF72963E8D400D7C6A2 /* Release */ = {
			isa = XCBuildConfiguration;
			buildSettings = {
				ALWAYS_EMBED_SWIFT_STANDARD_LIBRARIES = YES;
				CODE_SIGN_STYLE = Automatic;
				CURRENT_PROJECT_VERSION = 1;
				GENERATE_INFOPLIST_FILE = YES;
				MARKETING_VERSION = 1.0;
				PRODUCT_BUNDLE_IDENTIFIER = abrilx.dhbreathingUITests;
				PRODUCT_NAME = "$(TARGET_NAME)";
				SWIFT_EMIT_LOC_STRINGS = NO;
				SWIFT_VERSION = 5.0;
				TARGETED_DEVICE_FAMILY = "1,2";
				TEST_TARGET_NAME = dhbreathing;
			};
			name = Release;
		};
/* End XCBuildConfiguration section */

/* Begin XCConfigurationList section */
		D0A7FAC02963E8D300D7C6A2 /* Build configuration list for PBXProject "dhbreathing" */ = {
			isa = XCConfigurationList;
			buildConfigurations = (
				D0A7FAED2963E8D400D7C6A2 /* Debug */,
				D0A7FAEE2963E8D400D7C6A2 /* Release */,
			);
			defaultConfigurationIsVisible = 0;
			defaultConfigurationName = Release;
		};
		D0A7FAEF2963E8D400D7C6A2 /* Build configuration list for PBXNativeTarget "dhbreathing" */ = {
			isa = XCConfigurationList;
			buildConfigurations = (
				D0A7FAF02963E8D400D7C6A2 /* Debug */,
				D0A7FAF12963E8D400D7C6A2 /* Release */,
			);
			defaultConfigurationIsVisible = 0;
			defaultConfigurationName = Release;
		};
		D0A7FAF22963E8D400D7C6A2 /* Build configuration list for PBXNativeTarget "dhbreathingTests" */ = {
			isa = XCConfigurationList;
			buildConfigurations = (
				D0A7FAF32963E8D400D7C6A2 /* Debug */,
				D0A7FAF42963E8D400D7C6A2 /* Release */,
			);
			defaultConfigurationIsVisible = 0;
			defaultConfigurationName = Release;
		};
		D0A7FAF52963E8D400D7C6A2 /* Build configuration list for PBXNativeTarget "dhbreathingUITests" */ = {
			isa = XCConfigurationList;
			buildConfigurations = (
				D0A7FAF62963E8D400D7C6A2 /* Debug */,
				D0A7FAF72963E8D400D7C6A2 /* Release */,
			);
			defaultConfigurationIsVisible = 0;
			defaultConfigurationName = Release;
		};
/* End XCConfigurationList section */
	};
	rootObject = D0A7FABD2963E8D300D7C6A2 /* Project object */;
}
